
Microsoft Visual Studio Solution File, Format Version 12.00
# Visual Studio Version 18
VisualStudioVersion = 18.3.11527.330 d18.3
MinimumVisualStudioVersion = 10.0.40219.1
Project("{2150E333-8FDC-42A3-9474-1A3956D46DE8}") = "Tests", "Tests", "{0AB3BF05-4346-4AA6-1389-037BE0695223}"
EndProject
Project("{FAE04EC0-301F-11D3-BF4B-00C04F79EFBC}") = "OrderFlow.UnitTests", "Tests\OrderFlow.UnitTests\OrderFlow.UnitTests.csproj", "{61142289-0326-4982-AC7A-752BE214343A}"
EndProject
Project("{FAE04EC0-301F-11D3-BF4B-00C04F79EFBC}") = "OrderFlow.IntegrationTests", "Tests\OrderFlow.IntegrationTests\OrderFlow.IntegrationTests.csproj", "{B63B4710-FB30-43BD-926A-61A586EE9EB7}"
EndProject
Project("{2150E333-8FDC-42A3-9474-1A3956D46DE8}") = "Src", "Src", "{827E0CD3-B72D-47B6-A68D-7590B98EB39B}"
EndProject
Project("{FAE04EC0-301F-11D3-BF4B-00C04F79EFBC}") = "OrderFlow.Contracts", "Src\OrderFlow.Contracts\OrderFlow.Contracts.csproj", "{0CA660AE-6EC8-4AD0-BA0D-9833A93B9F54}"
EndProject
Project("{FAE04EC0-301F-11D3-BF4B-00C04F79EFBC}") = "OrderFlow.Application", "Src\OrderFlow.Application\OrderFlow.Application.csproj", "{8BCF51F0-43B4-47A3-A7D8-FAC00BE4ECD3}"
EndProject
Project("{FAE04EC0-301F-11D3-BF4B-00C04F79EFBC}") = "OrderFlow.Api", "Src\OrderFlow.Api\OrderFlow.Api.csproj", "{0E6003CE-C24E-41A5-9D4F-00B1121089A9}"
EndProject
Project("{FAE04EC0-301F-11D3-BF4B-00C04F79EFBC}") = "OrderFlow.Domain", "Src\OrderFlow.Domain\OrderFlow.Domain.csproj", "{D73B6FC2-6781-4D0B-87BC-DBC74816683D}"
EndProject
Project("{FAE04EC0-301F-11D3-BF4B-00C04F79EFBC}") = "OrderFlow.Infrastructure", "Src\OrderFlow.Infrastructure\OrderFlow.Infrastructure.csproj", "{76EEEE2A-355F-491D-A23B-D4887FB6F362}"
EndProject
Project("{E53339B2-1760-4266-BCC7-CA923CBCF16C}") = "docker-compose", "docker-compose.dcproj", "{81DDED9D-158B-E303-5F62-77A2896D2A5A}"
EndProject
Global
	GlobalSection(SolutionConfigurationPlatforms) = preSolution
		Debug|Any CPU = Debug|Any CPU
		Debug|x64 = Debug|x64
		Debug|x86 = Debug|x86
		Release|Any CPU = Release|Any CPU
		Release|x64 = Release|x64
		Release|x86 = Release|x86
	EndGlobalSection
	GlobalSection(ProjectConfigurationPlatforms) = postSolution
		{61142289-0326-4982-AC7A-752BE214343A}.Debug|Any CPU.ActiveCfg = Debug|Any CPU
		{61142289-0326-4982-AC7A-752BE214343A}.Debug|Any CPU.Build.0 = Debug|Any CPU
		{61142289-0326-4982-AC7A-752BE214343A}.Debug|x64.ActiveCfg = Debug|Any CPU
		{61142289-0326-4982-AC7A-752BE214343A}.Debug|x64.Build.0 = Debug|Any CPU
		{61142289-0326-4982-AC7A-752BE214343A}.Debug|x86.ActiveCfg = Debug|Any CPU
		{61142289-0326-4982-AC7A-752BE214343A}.Debug|x86.Build.0 = Debug|Any CPU
		{61142289-0326-4982-AC7A-752BE214343A}.Release|Any CPU.ActiveCfg = Release|Any CPU
		{61142289-0326-4982-AC7A-752BE214343A}.Release|Any CPU.Build.0 = Release|Any CPU
		{61142289-0326-4982-AC7A-752BE214343A}.Release|x64.ActiveCfg = Release|Any CPU
		{61142289-0326-4982-AC7A-752BE214343A}.Release|x64.Build.0 = Release|Any CPU
		{61142289-0326-4982-AC7A-752BE214343A}.Release|x86.ActiveCfg = Release|Any CPU
		{61142289-0326-4982-AC7A-752BE214343A}.Release|x86.Build.0 = Release|Any CPU
		{B63B4710-FB30-43BD-926A-61A586EE9EB7}.Debug|Any CPU.ActiveCfg = Debug|Any CPU
		{B63B4710-FB30-43BD-926A-61A586EE9EB7}.Debug|Any CPU.Build.0 = Debug|Any CPU
		{B63B4710-FB30-43BD-926A-61A586EE9EB7}.Debug|x64.ActiveCfg = Debug|Any CPU
		{B63B4710-FB30-43BD-926A-61A586EE9EB7}.Debug|x64.Build.0 = Debug|Any CPU
		{B63B4710-FB30-43BD-926A-61A586EE9EB7}.Debug|x86.ActiveCfg = Debug|Any CPU
		{B63B4710-FB30-43BD-926A-61A586EE9EB7}.Debug|x86.Build.0 = Debug|Any CPU
		{B63B4710-FB30-43BD-926A-61A586EE9EB7}.Release|Any CPU.ActiveCfg = Release|Any CPU
		{B63B4710-FB30-43BD-926A-61A586EE9EB7}.Release|Any CPU.Build.0 = Release|Any CPU
		{B63B4710-FB30-43BD-926A-61A586EE9EB7}.Release|x64.ActiveCfg = Release|Any CPU
		{B63B4710-FB30-43BD-926A-61A586EE9EB7}.Release|x64.Build.0 = Release|Any CPU
		{B63B4710-FB30-43BD-926A-61A586EE9EB7}.Release|x86.ActiveCfg = Release|Any CPU
		{B63B4710-FB30-43BD-926A-61A586EE9EB7}.Release|x86.Build.0 = Release|Any CPU
		{0CA660AE-6EC8-4AD0-BA0D-9833A93B9F54}.Debug|Any CPU.ActiveCfg = Debug|Any CPU
		{0CA660AE-6EC8-4AD0-BA0D-9833A93B9F54}.Debug|Any CPU.Build.0 = Debug|Any CPU
		{0CA660AE-6EC8-4AD0-BA0D-9833A93B9F54}.Debug|x64.ActiveCfg = Debug|Any CPU
		{0CA660AE-6EC8-4AD0-BA0D-9833A93B9F54}.Debug|x64.Build.0 = Debug|Any CPU
		{0CA660AE-6EC8-4AD0-BA0D-9833A93B9F54}.Debug|x86.ActiveCfg = Debug|Any CPU
		{0CA660AE-6EC8-4AD0-BA0D-9833A93B9F54}.Debug|x86.Build.0 = Debug|Any CPU
		{0CA660AE-6EC8-4AD0-BA0D-9833A93B9F54}.Release|Any CPU.ActiveCfg = Release|Any CPU
		{0CA660AE-6EC8-4AD0-BA0D-9833A93B9F54}.Release|Any CPU.Build.0 = Release|Any CPU
		{0CA660AE-6EC8-4AD0-BA0D-9833A93B9F54}.Release|x64.ActiveCfg = Release|Any CPU
		{0CA660AE-6EC8-4AD0-BA0D-9833A93B9F54}.Release|x64.Build.0 = Release|Any CPU
		{0CA660AE-6EC8-4AD0-BA0D-9833A93B9F54}.Release|x86.ActiveCfg = Release|Any CPU
		{0CA660AE-6EC8-4AD0-BA0D-9833A93B9F54}.Release|x86.Build.0 = Release|Any CPU
		{8BCF51F0-43B4-47A3-A7D8-FAC00BE4ECD3}.Debug|Any CPU.ActiveCfg = Debug|Any CPU
		{8BCF51F0-43B4-47A3-A7D8-FAC00BE4ECD3}.Debug|Any CPU.Build.0 = Debug|Any CPU
		{8BCF51F0-43B4-47A3-A7D8-FAC00BE4ECD3}.Debug|x64.ActiveCfg = Debug|Any CPU
		{8BCF51F0-43B4-47A3-A7D8-FAC00BE4ECD3}.Debug|x64.Build.0 = Debug|Any CPU
		{8BCF51F0-43B4-47A3-A7D8-FAC00BE4ECD3}.Debug|x86.ActiveCfg = Debug|Any CPU
		{8BCF51F0-43B4-47A3-A7D8-FAC00BE4ECD3}.Debug|x86.Build.0 = Debug|Any CPU
		{8BCF51F0-43B4-47A3-A7D8-FAC00BE4ECD3}.Release|Any CPU.ActiveCfg = Release|Any CPU
		{8BCF51F0-43B4-47A3-A7D8-FAC00BE4ECD3}.Release|Any CPU.Build.0 = Release|Any CPU
		{8BCF51F0-43B4-47A3-A7D8-FAC00BE4ECD3}.Release|x64.ActiveCfg = Release|Any CPU
		{8BCF51F0-43B4-47A3-A7D8-FAC00BE4ECD3}.Release|x64.Build.0 = Release|Any CPU
		{8BCF51F0-43B4-47A3-A7D8-FAC00BE4ECD3}.Release|x86.ActiveCfg = Release|Any CPU
		{8BCF51F0-43B4-47A3-A7D8-FAC00BE4ECD3}.Release|x86.Build.0 = Release|Any CPU
		{0E6003CE-C24E-41A5-9D4F-00B1121089A9}.Debug|Any CPU.ActiveCfg = Debug|Any CPU
		{0E6003CE-C24E-41A5-9D4F-00B1121089A9}.Debug|Any CPU.Build.0 = Debug|Any CPU
		{0E6003CE-C24E-41A5-9D4F-00B1121089A9}.Debug|x64.ActiveCfg = Debug|Any CPU
		{0E6003CE-C24E-41A5-9D4F-00B1121089A9}.Debug|x64.Build.0 = Debug|Any CPU
		{0E6003CE-C24E-41A5-9D4F-00B1121089A9}.Debug|x86.ActiveCfg = Debug|Any CPU
		{0E6003CE-C24E-41A5-9D4F-00B1121089A9}.Debug|x86.Build.0 = Debug|Any CPU
		{0E6003CE-C24E-41A5-9D4F-00B1121089A9}.Release|Any CPU.ActiveCfg = Release|Any CPU
		{0E6003CE-C24E-41A5-9D4F-00B1121089A9}.Release|Any CPU.Build.0 = Release|Any CPU
		{0E6003CE-C24E-41A5-9D4F-00B1121089A9}.Release|x64.ActiveCfg = Release|Any CPU
		{0E6003CE-C24E-41A5-9D4F-00B1121089A9}.Release|x64.Build.0 = Release|Any CPU
		{0E6003CE-C24E-41A5-9D4F-00B1121089A9}.Release|x86.ActiveCfg = Release|Any CPU
		{0E6003CE-C24E-41A5-9D4F-00B1121089A9}.Release|x86.Build.0 = Release|Any CPU
		{D73B6FC2-6781-4D0B-87BC-DBC74816683D}.Debug|Any CPU.ActiveCfg = Debug|Any CPU
		{D73B6FC2-6781-4D0B-87BC-DBC74816683D}.Debug|Any CPU.Build.0 = Debug|Any CPU
		{D73B6FC2-6781-4D0B-87BC-DBC74816683D}.Debug|x64.ActiveCfg = Debug|Any CPU
		{D73B6FC2-6781-4D0B-87BC-DBC74816683D}.Debug|x64.Build.0 = Debug|Any CPU
		{D73B6FC2-6781-4D0B-87BC-DBC74816683D}.Debug|x86.ActiveCfg = Debug|Any CPU
		{D73B6FC2-6781-4D0B-87BC-DBC74816683D}.Debug|x86.Build.0 = Debug|Any CPU
		{D73B6FC2-6781-4D0B-87BC-DBC74816683D}.Release|Any CPU.ActiveCfg = Release|Any CPU
		{D73B6FC2-6781-4D0B-87BC-DBC74816683D}.Release|Any CPU.Build.0 = Release|Any CPU
		{D73B6FC2-6781-4D0B-87BC-DBC74816683D}.Release|x64.ActiveCfg = Release|Any CPU
		{D73B6FC2-6781-4D0B-87BC-DBC74816683D}.Release|x64.Build.0 = Release|Any CPU
		{D73B6FC2-6781-4D0B-87BC-DBC74816683D}.Release|x86.ActiveCfg = Release|Any CPU
		{D73B6FC2-6781-4D0B-87BC-DBC74816683D}.Release|x86.Build.0 = Release|Any CPU
		{76EEEE2A-355F-491D-A23B-D4887FB6F362}.Debug|Any CPU.ActiveCfg = Debug|Any CPU
		{76EEEE2A-355F-491D-A23B-D4887FB6F362}.Debug|Any CPU.Build.0 = Debug|Any CPU
		{76EEEE2A-355F-491D-A23B-D4887FB6F362}.Debug|x64.ActiveCfg = Debug|Any CPU
		{76EEEE2A-355F-491D-A23B-D4887FB6F362}.Debug|x64.Build.0 = Debug|Any CPU
		{76EEEE2A-355F-491D-A23B-D4887FB6F362}.Debug|x86.ActiveCfg = Debug|Any CPU
		{76EEEE2A-355F-491D-A23B-D4887FB6F362}.Debug|x86.Build.0 = Debug|Any CPU
		{76EEEE2A-355F-491D-A23B-D4887FB6F362}.Release|Any CPU.ActiveCfg = Release|Any CPU
		{76EEEE2A-355F-491D-A23B-D4887FB6F362}.Release|Any CPU.Build.0 = Release|Any CPU
		{76EEEE2A-355F-491D-A23B-D4887FB6F362}.Release|x64.ActiveCfg = Release|Any CPU
		{76EEEE2A-355F-491D-A23B-D4887FB6F362}.Release|x64.Build.0 = Release|Any CPU
		{76EEEE2A-355F-491D-A23B-D4887FB6F362}.Release|x86.ActiveCfg = Release|Any CPU
		{76EEEE2A-355F-491D-A23B-D4887FB6F362}.Release|x86.Build.0 = Release|Any CPU
		{81DDED9D-158B-E303-5F62-77A2896D2A5A}.Debug|Any CPU.ActiveCfg = Debug|Any CPU
		{81DDED9D-158B-E303-5F62-77A2896D2A5A}.Debug|Any CPU.Build.0 = Debug|Any CPU
		{81DDED9D-158B-E303-5F62-77A2896D2A5A}.Debug|x64.ActiveCfg = Debug|Any CPU
		{81DDED9D-158B-E303-5F62-77A2896D2A5A}.Debug|x64.Build.0 = Debug|Any CPU
		{81DDED9D-158B-E303-5F62-77A2896D2A5A}.Debug|x86.ActiveCfg = Debug|Any CPU
		{81DDED9D-158B-E303-5F62-77A2896D2A5A}.Debug|x86.Build.0 = Debug|Any CPU
		{81DDED9D-158B-E303-5F62-77A2896D2A5A}.Release|Any CPU.ActiveCfg = Release|Any CPU
		{81DDED9D-158B-E303-5F62-77A2896D2A5A}.Release|Any CPU.Build.0 = Release|Any CPU
		{81DDED9D-158B-E303-5F62-77A2896D2A5A}.Release|x64.ActiveCfg = Release|Any CPU
		{81DDED9D-158B-E303-5F62-77A2896D2A5A}.Release|x64.Build.0 = Release|Any CPU
		{81DDED9D-158B-E303-5F62-77A2896D2A5A}.Release|x86.ActiveCfg = Release|Any CPU
		{81DDED9D-158B-E303-5F62-77A2896D2A5A}.Release|x86.Build.0 = Release|Any CPU
	EndGlobalSection
	GlobalSection(SolutionProperties) = preSolution
		HideSolutionNode = FALSE
	EndGlobalSection
	GlobalSection(NestedProjects) = preSolution
		{61142289-0326-4982-AC7A-752BE214343A} = {0AB3BF05-4346-4AA6-1389-037BE0695223}
		{B63B4710-FB30-43BD-926A-61A586EE9EB7} = {0AB3BF05-4346-4AA6-1389-037BE0695223}
		{0CA660AE-6EC8-4AD0-BA0D-9833A93B9F54} = {827E0CD3-B72D-47B6-A68D-7590B98EB39B}
		{8BCF51F0-43B4-47A3-A7D8-FAC00BE4ECD3} = {827E0CD3-B72D-47B6-A68D-7590B98EB39B}
		{0E6003CE-C24E-41A5-9D4F-00B1121089A9} = {827E0CD3-B72D-47B6-A68D-7590B98EB39B}
		{D73B6FC2-6781-4D0B-87BC-DBC74816683D} = {827E0CD3-B72D-47B6-A68D-7590B98EB39B}
		{76EEEE2A-355F-491D-A23B-D4887FB6F362} = {827E0CD3-B72D-47B6-A68D-7590B98EB39B}
	EndGlobalSection
	GlobalSection(ExtensibilityGlobals) = postSolution
		SolutionGuid = {B1109144-A97E-4A82-A404-CE79C327AA38}
	EndGlobalSection
EndGlobal
